<?xml version="1.0" encoding="utf-8"?><WorkWithAttributesConfig xmlns:xsi="http://www.w3.org/2001/XMLSchema-instance" xmlns:xsd="http://www.w3.org/2001/XMLSchema"><Pattern /><Type /><ShowAll>false</ShowAll><TypeObject /><Object /><Module /><ShowMore>false</ShowMore><ColumnNameSize>151</ColumnNameSize><ColumnTypeSize>138</ColumnTypeSize><ColumnModuleSize>102</ColumnModuleSize><ColumnDescriptionSize>140</ColumnDescriptionSize><FormWidth>516</FormWidth><FormHeigth>592</FormHeigth></WorkWithAttributesConfig>