<?xml version="1.0" encoding="utf-8"?><WorkWithObjectsConfig xmlns:xsi="http://www.w3.org/2001/XMLSchema-instance" xmlns:xsd="http://www.w3.org/2001/XMLSchema"><Pattern /><Type>*Objects</Type><ShowAll>false</ShowAll><WSObjectsNames /><WSObjectsTypes /><ShowMore>false</ShowMore><Category /><Parent /><ModifiedBy>false</ModifiedBy><Search /><UserName /><DateTypeFilter /><DateFilter>0001-01-01T00:00:00</DateFilter><ColumnNameSize>84</ColumnNameSize><ColumnTypeSize>109</ColumnTypeSize><ColumnModuleSize>72</ColumnModuleSize><ColumnDescriptionSize>105</ColumnDescriptionSize><ColumnDateSize>76</ColumnDateSize><ColumnUserSize>104</ColumnUserSize><ColumnImportDateSize>77</ColumnImportDateSize><ColumnSpecifiedDateSize>104</ColumnSpecifiedDateSize><ColumnNamePosition>2</ColumnNamePosition><ColumnTypePosition>3</ColumnTypePosition><ColumnModulePosition>4</ColumnModulePosition><ColumnDescriptionPosition>5</ColumnDescriptionPosition><ColumnDatePosition>6</ColumnDatePosition><ColumnUserPosition>7</ColumnUserPosition><ColumnImportDatePosition>8</ColumnImportDatePosition><ColumnSpecifiedDatePosition>12</ColumnSpecifiedDatePosition><FormWidth>0</FormWidth><FormHeigth>0</FormHeigth></WorkWithObjectsConfig>